
Microsoft Visual Studio Solution File, Format Version 12.00
# Visual Studio 15
VisualStudioVersion = 15.0.27703.2042
MinimumVisualStudioVersion = 10.0.40219.1
Project("{151D2E53-A2C4-4D7D-83FE-D05416EBD58E}") = "AAA ARM Templates", "AAA ARM Templates\AAA ARM Templates.deployproj", "{423BFB2D-4568-4DAF-801F-F9A1446BA22C}"
EndProject
Global
	GlobalSection(SolutionConfigurationPlatforms) = preSolution
		Debug|Any CPU = Debug|Any CPU
		Release|Any CPU = Release|Any CPU
	EndGlobalSection
	GlobalSection(ProjectConfigurationPlatforms) = postSolution
		{423BFB2D-4568-4DAF-801F-F9A1446BA22C}.Debug|Any CPU.ActiveCfg = Debug|Any CPU
		{423BFB2D-4568-4DAF-801F-F9A1446BA22C}.Debug|Any CPU.Build.0 = Debug|Any CPU
		{423BFB2D-4568-4DAF-801F-F9A1446BA22C}.Release|Any CPU.ActiveCfg = Release|Any CPU
		{423BFB2D-4568-4DAF-801F-F9A1446BA22C}.Release|Any CPU.Build.0 = Release|Any CPU
	EndGlobalSection
	GlobalSection(SolutionProperties) = preSolution
		HideSolutionNode = FALSE
	EndGlobalSection
	GlobalSection(ExtensibilityGlobals) = postSolution
		SolutionGuid = {25D17930-BC56-451B-9F9D-46E684D7043A}
	EndGlobalSection
EndGlobal
